// !$*UTF8*$!
{
	archiveVersion = 1;
	classes = {
	};
	objectVersion = 46;
	objects = {

/* Begin PBXBuildFile section */
		A9723B4B1F1DB9600058917D /* AppDelegate.swift in Sources */ = {isa = PBXBuildFile; fileRef = A9723B4A1F1DB9600058917D /* AppDelegate.swift */; };
		A9723B4D1F1DB9600058917D /* ViewController.swift in Sources */ = {isa = PBXBuildFile; fileRef = A9723B4C1F1DB9600058917D /* ViewController.swift */; };
		A9723B501F1DB9610058917D /* Main.storyboard in Resources */ = {isa = PBXBuildFile; fileRef = A9723B4E1F1DB9610058917D /* Main.storyboard */; };
		A9723B521F1DB9610058917D /* Assets.xcassets in Resources */ = {isa = PBXBuildFile; fileRef = A9723B511F1DB9610058917D /* Assets.xcassets */; };
		A9723B551F1DB9610058917D /* LaunchScreen.storyboard in Resources */ = {isa = PBXBuildFile; fileRef = A9723B531F1DB9610058917D /* LaunchScreen.storyboard */; };
/* End PBXBuildFile section */

/* Begin PBXFileReference section */
		A9723B471F1DB9600058917D /* Switch.ME.app */ = {isa = PBXFileReference; explicitFileType = wrapper.application; includeInIndex = 0; path = Switch.ME.app; sourceTree = BUILT_PRODUCTS_DIR; };
		A9723B4A1F1DB9600058917D /* AppDelegate.swift */ = {isa = PBXFileReference; lastKnownFileType = sourcecode.swift; path = AppDelegate.swift; sourceTree = "<group>"; };
		A9723B4C1F1DB9600058917D /* ViewController.swift */ = {isa = PBXFileReference; lastKnownFileType = sourcecode.swift; path = ViewController.swift; sourceTree = "<group>"; };
		A9723B4F1F1DB9610058917D /* Base */ = {isa = PBXFileReference; lastKnownFileType = file.storyboard; name = Base; path = Base.lproj/Main.storyboard; sourceTree = "<group>"; };
		A9723B511F1DB9610058917D /* Assets.xcassets */ = {isa = PBXFileReference; lastKnownFileType = folder.assetcatalog; path = Assets.xcassets; sourceTree = "<group>"; };
		A9723B541F1DB9610058917D /* Base */ = {isa = PBXFileReference; lastKnownFileType = file.storyboard; name = Base; path = Base.lproj/LaunchScreen.storyboard; sourceTree = "<group>"; };
		A9723B561F1DB9610058917D /* Info.plist */ = {isa = PBXFileReference; lastKnownFileType = text.plist.xml; path = Info.plist; sourceTree = "<group>"; };
/* End PBXFileReference section */

/* Begin PBXFrameworksBuildPhase section */
		A9723B441F1DB9600058917D /* Frameworks */ = {
			isa = PBXFrameworksBuildPhase;
			buildActionMask = 2147483647;
			files = (
			);
			runOnlyForDeploymentPostprocessing = 0;
		};
/* End PBXFrameworksBuildPhase section */

/* Begin PBXGroup section */
		A9723B3E1F1DB9600058917D = {
			isa = PBXGroup;
			children = (
				A9723B491F1DB9600058917D /* Switch.ME */,
				A9723B5E1F1DB9840058917D /* Model */,
				A9723B5D1F1DB97B0058917D /* View */,
				A9723B5C1F1DB96D0058917D /* Controller */,
				A9723B5F1F1DB98C0058917D /* Resources */,
				A9723B481F1DB9600058917D /* Products */,
			);
			sourceTree = "<group>";
		};
		A9723B481F1DB9600058917D /* Products */ = {
			isa = PBXGroup;
			children = (
				A9723B471F1DB9600058917D /* Switch.ME.app */,
			);
			name = Products;
			sourceTree = "<group>";
		};
		A9723B491F1DB9600058917D /* Switch.ME */ = {
			isa = PBXGroup;
			children = (
			);
			path = Switch.ME;
			sourceTree = "<group>";
		};
		A9723B5C1F1DB96D0058917D /* Controller */ = {
			isa = PBXGroup;
			children = (
				A9723B4C1F1DB9600058917D /* ViewController.swift */,
			);
			name = Controller;
			path = Switch.ME;
			sourceTree = "<group>";
		};
		A9723B5D1F1DB97B0058917D /* View */ = {
			isa = PBXGroup;
			children = (
				A9723B4E1F1DB9610058917D /* Main.storyboard */,
				A9723B531F1DB9610058917D /* LaunchScreen.storyboard */,
			);
			name = View;
			path = Switch.ME;
			sourceTree = "<group>";
		};
		A9723B5E1F1DB9840058917D /* Model */ = {
			isa = PBXGroup;
			children = (
				A9723B4A1F1DB9600058917D /* AppDelegate.swift */,
			);
			name = Model;
			path = Switch.ME;
			sourceTree = "<group>";
		};
		A9723B5F1F1DB98C0058917D /* Resources */ = {
			isa = PBXGroup;
			children = (
				A9723B561F1DB9610058917D /* Info.plist */,
				A9723B511F1DB9610058917D /* Assets.xcassets */,
			);
			name = Resources;
			path = Switch.ME;
			sourceTree = "<group>";
		};
/* End PBXGroup section */

/* Begin PBXNativeTarget section */
		A9723B461F1DB9600058917D /* Switch.ME */ = {
			isa = PBXNativeTarget;
			buildConfigurationList = A9723B591F1DB9610058917D /* Build configuration list for PBXNativeTarget "Switch.ME" */;
			buildPhases = (
				A9723B431F1DB9600058917D /* Sources */,
				A9723B441F1DB9600058917D /* Frameworks */,
				A9723B451F1DB9600058917D /* Resources */,
			);
			buildRules = (
			);
			dependencies = (
			);
			name = Switch.ME;
			productName = Switch.ME;
			productReference = A9723B471F1DB9600058917D /* Switch.ME.app */;
			productType = "com.apple.product-type.application";
		};
/* End PBXNativeTarget section */

/* Begin PBXProject section */
		A9723B3F1F1DB9600058917D /* Project object */ = {
			isa = PBXProject;
			attributes = {
				LastSwiftUpdateCheck = 0830;
				LastUpgradeCheck = 0830;
				ORGANIZATIONNAME = UpliftedStudios;
				TargetAttributes = {
					A9723B461F1DB9600058917D = {
						CreatedOnToolsVersion = 8.3.3;
						ProvisioningStyle = Automatic;
					};
				};
			};
			buildConfigurationList = A9723B421F1DB9600058917D /* Build configuration list for PBXProject "Switch.ME" */;
			compatibilityVersion = "Xcode 3.2";
			developmentRegion = English;
			hasScannedForEncodings = 0;
			knownRegions = (
				en,
				Base,
			);
			mainGroup = A9723B3E1F1DB9600058917D;
			productRefGroup = A9723B481F1DB9600058917D /* Products */;
			projectDirPath = "";
			projectRoot = "";
			targets = (
				A9723B461F1DB9600058917D /* Switch.ME */,
			);
		};
/* End PBXProject section */

/* Begin PBXResourcesBuildPhase section */
		A9723B451F1DB9600058917D /* Resources */ = {
			isa = PBXResourcesBuildPhase;
			buildActionMask = 2147483647;
			files = (
				A9723B551F1DB9610058917D /* LaunchScreen.storyboard in Resources */,
				A9723B521F1DB9610058917D /* Assets.xcassets in Resources */,
				A9723B501F1DB9610058917D /* Main.storyboard in Resources */,
			);
			runOnlyForDeploymentPostprocessing = 0;
		};
/* End PBXResourcesBuildPhase section */

/* Begin PBXSourcesBuildPhase section */
		A9723B431F1DB9600058917D /* Sources */ = {
			isa = PBXSourcesBuildPhase;
			buildActionMask = 2147483647;
			files = (
				A9723B4D1F1DB9600058917D /* ViewController.swift in Sources */,
				A9723B4B1F1DB9600058917D /* AppDelegate.swift in Sources */,
			);
			runOnlyForDeploymentPostprocessing = 0;
		};
/* End PBXSourcesBuildPhase section */

/* Begin PBXVariantGroup section */
		A9723B4E1F1DB9610058917D /* Main.storyboard */ = {
			isa = PBXVariantGroup;
			children = (
				A9723B4F1F1DB9610058917D /* Base */,
			);
			name = Main.storyboard;
			sourceTree = "<group>";
		};
		A9723B531F1DB9610058917D /* LaunchScreen.storyboard */ = {
			isa = PBXVariantGroup;
			children = (
				A9723B541F1DB9610058917D /* Base */,
			);
			name = LaunchScreen.storyboard;
			sourceTree = "<group>";
		};
/* End PBXVariantGroup section */

/* Begin XCBuildConfiguration section */
		A9723B571F1DB9610058917D /* Debug */ = {
			isa = XCBuildConfiguration;
			buildSettings = {
				ALWAYS_SEARCH_USER_PATHS = NO;
				CLANG_ANALYZER_NONNULL = YES;
				CLANG_ANALYZER_NUMBER_OBJECT_CONVERSION = YES_AGGRESSIVE;
				CLANG_CXX_LANGUAGE_STANDARD = "gnu++0x";
				CLANG_CXX_LIBRARY = "libc++";
				CLANG_ENABLE_MODULES = YES;
				CLANG_ENABLE_OBJC_ARC = YES;
				CLANG_WARN_BOOL_CONVERSION = YES;
				CLANG_WARN_CONSTANT_CONVERSION = YES;
				CLANG_WARN_DIRECT_OBJC_ISA_USAGE = YES_ERROR;
				CLANG_WARN_DOCUMENTATION_COMMENTS = YES;
				CLANG_WARN_EMPTY_BODY = YES;
				CLANG_WARN_ENUM_CONVERSION = YES;
				CLANG_WARN_INFINITE_RECURSION = YES;
				CLANG_WARN_INT_CONVERSION = YES;
				CLANG_WARN_OBJC_ROOT_CLASS = YES_ERROR;
				CLANG_WARN_SUSPICIOUS_MOVE = YES;
				CLANG_WARN_UNREACHABLE_CODE = YES;
				CLANG_WARN__DUPLICATE_METHOD_MATCH = YES;
				"CODE_SIGN_IDENTITY[sdk=iphoneos*]" = "iPhone Developer";
				COPY_PHASE_STRIP = NO;
				DEBUG_INFORMATION_FORMAT = dwarf;
				ENABLE_STRICT_OBJC_MSGSEND = YES;
				ENABLE_TESTABILITY = YES;
				GCC_C_LANGUAGE_STANDARD = gnu99;
				GCC_DYNAMIC_NO_PIC = NO;
				GCC_NO_COMMON_BLOCKS = YES;
				GCC_OPTIMIZATION_LEVEL = 0;
				GCC_PREPROCESSOR_DEFINITIONS = (
					"DEBUG=1",
					"$(inherited)",
				);
				GCC_WARN_64_TO_32_BIT_CONVERSION = YES;
				GCC_WARN_ABOUT_RETURN_TYPE = YES_ERROR;
				GCC_WARN_UNDECLARED_SELECTOR = YES;
				GCC_WARN_UNINITIALIZED_AUTOS = YES_AGGRESSIVE;
				GCC_WARN_UNUSED_FUNCTION = YES;
				GCC_WARN_UNUSED_VARIABLE = YES;
				IPHONEOS_DEPLOYMENT_TARGET = 10.3;
				MTL_ENABLE_DEBUG_INFO = YES;
				ONLY_ACTIVE_ARCH = YES;
				SDKROOT = iphoneos;
				SWIFT_ACTIVE_COMPILATION_CONDITIONS = DEBUG;
				SWIFT_OPTIMIZATION_LEVEL = "-Onone";
			};
			name = Debug;
		};
		A9723B581F1DB9610058917D /* Release */ = {
			isa = XCBuildConfiguration;
			buildSettings = {
				ALWAYS_SEARCH_USER_PATHS = NO;
				CLANG_ANALYZER_NONNULL = YES;
				CLANG_ANALYZER_NUMBER_OBJECT_CONVERSION = YES_AGGRESSIVE;
				CLANG_CXX_LANGUAGE_STANDARD = "gnu++0x";
				CLANG_CXX_LIBRARY = "libc++";
				CLANG_ENABLE_MODULES = YES;
				CLANG_ENABLE_OBJC_ARC = YES;
				CLANG_WARN_BOOL_CONVERSION = YES;
				CLANG_WARN_CONSTANT_CONVERSION = YES;
				CLANG_WARN_DIRECT_OBJC_ISA_USAGE = YES_ERROR;
				CLANG_WARN_DOCUMENTATION_COMMENTS = YES;
				CLANG_WARN_EMPTY_BODY = YES;
				CLANG_WARN_ENUM_CONVERSION = YES;
				CLANG_WARN_INFINITE_RECURSION = YES;
				CLANG_WARN_INT_CONVERSION = YES;
				CLANG_WARN_OBJC_ROOT_CLASS = YES_ERROR;
				CLANG_WARN_SUSPICIOUS_MOVE = YES;
				CLANG_WARN_UNREACHABLE_CODE = YES;
				CLANG_WARN__DUPLICATE_METHOD_MATCH = YES;
				"CODE_SIGN_IDENTITY[sdk=iphoneos*]" = "iPhone Developer";
				COPY_PHASE_STRIP = NO;
				DEBUG_INFORMATION_FORMAT = "dwarf-with-dsym";
				ENABLE_NS_ASSERTIONS = NO;
				ENABLE_STRICT_OBJC_MSGSEND = YES;
				GCC_C_LANGUAGE_STANDARD = gnu99;
				GCC_NO_COMMON_BLOCKS = YES;
				GCC_WARN_64_TO_32_BIT_CONVERSION = YES;
				GCC_WARN_ABOUT_RETURN_TYPE = YES_ERROR;
				GCC_WARN_UNDECLARED_SELECTOR = YES;
				GCC_WARN_UNINITIALIZED_AUTOS = YES_AGGRESSIVE;
				GCC_WARN_UNUSED_FUNCTION = YES;
				GCC_WARN_UNUSED_VARIABLE = YES;
				IPHONEOS_DEPLOYMENT_TARGET = 10.3;
				MTL_ENABLE_DEBUG_INFO = NO;
				SDKROOT = iphoneos;
				SWIFT_OPTIMIZATION_LEVEL = "-Owholemodule";
				VALIDATE_PRODUCT = YES;
			};
			name = Release;
		};
		A9723B5A1F1DB9610058917D /* Debug */ = {
			isa = XCBuildConfiguration;
			buildSettings = {
				ASSETCATALOG_COMPILER_APPICON_NAME = AppIcon;
				INFOPLIST_FILE = Switch.ME/Info.plist;
				LD_RUNPATH_SEARCH_PATHS = "$(inherited) @executable_path/Frameworks";
				PRODUCT_BUNDLE_IDENTIFIER = "com.UpliftedStudios.Switch-ME";
				PRODUCT_NAME = "$(TARGET_NAME)";
				SWIFT_VERSION = 3.0;
			};
			name = Debug;
		};
		A9723B5B1F1DB9610058917D /* Release */ = {
			isa = XCBuildConfiguration;
			buildSettings = {
				ASSETCATALOG_COMPILER_APPICON_NAME = AppIcon;
				INFOPLIST_FILE = Switch.ME/Info.plist;
				LD_RUNPATH_SEARCH_PATHS = "$(inherited) @executable_path/Frameworks";
				PRODUCT_BUNDLE_IDENTIFIER = "com.UpliftedStudios.Switch-ME";
				PRODUCT_NAME = "$(TARGET_NAME)";
				SWIFT_VERSION = 3.0;
			};
			name = Release;
		};
/* End XCBuildConfiguration section */

/* Begin XCConfigurationList section */
		A9723B421F1DB9600058917D /* Build configuration list for PBXProject "Switch.ME" */ = {
			isa = XCConfigurationList;
			buildConfigurations = (
				A9723B571F1DB9610058917D /* Debug */,
				A9723B581F1DB9610058917D /* Release */,
			);
			defaultConfigurationIsVisible = 0;
			defaultConfigurationName = Release;
		};
		A9723B591F1DB9610058917D /* Build configuration list for PBXNativeTarget "Switch.ME" */ = {
			isa = XCConfigurationList;
			buildConfigurations = (
				A9723B5A1F1DB9610058917D /* Debug */,
				A9723B5B1F1DB9610058917D /* Release */,
			);
			defaultConfigurationIsVisible = 0;
		};
/* End XCConfigurationList section */
	};
	rootObject = A9723B3F1F1DB9600058917D /* Project object */;
}
